
Microsoft Visual Studio Solution File, Format Version 12.00
# Visual Studio 15
VisualStudioVersion = 15.0.27130.2036
MinimumVisualStudioVersion = 10.0.40219.1
Project("{9A19103F-16F7-4668-BE54-9A1E7A4F7556}") = "QuickChain.Miner", "QuickChain.Miner\QuickChain.Miner.csproj", "{03F4397D-42B7-4710-98AC-116E9C15165D}"
EndProject
Project("{9A19103F-16F7-4668-BE54-9A1E7A4F7556}") = "QuickChain.Model", "QuickChain.Model\QuickChain.Model.csproj", "{3FA77C2D-39FB-4D63-8C11-7B8E6333E15F}"
EndProject
Project("{9A19103F-16F7-4668-BE54-9A1E7A4F7556}") = "QuickChain.Node", "QuickChain.Node\QuickChain.Node.csproj", "{6BDDEF61-0A6B-42A6-B9D7-1C6A215FEA26}"
EndProject
Project("{9A19103F-16F7-4668-BE54-9A1E7A4F7556}") = "QuickChain.Data", "QuickChain.Data\QuickChain.Data.csproj", "{1334101F-95AC-41CA-A6CC-2D8F4B86253A}"
EndProject
Project("{FAE04EC0-301F-11D3-BF4B-00C04F79EFBC}") = "QuickChain.Common", "QuickChain.Common\QuickChain.Common.csproj", "{BAAD62C6-46B7-4070-ADED-B71A27DA17B5}"
EndProject
Global
	GlobalSection(SolutionConfigurationPlatforms) = preSolution
		Debug|Any CPU = Debug|Any CPU
		Release|Any CPU = Release|Any CPU
	EndGlobalSection
	GlobalSection(ProjectConfigurationPlatforms) = postSolution
		{03F4397D-42B7-4710-98AC-116E9C15165D}.Debug|Any CPU.ActiveCfg = Debug|Any CPU
		{03F4397D-42B7-4710-98AC-116E9C15165D}.Debug|Any CPU.Build.0 = Debug|Any CPU
		{03F4397D-42B7-4710-98AC-116E9C15165D}.Release|Any CPU.ActiveCfg = Release|Any CPU
		{03F4397D-42B7-4710-98AC-116E9C15165D}.Release|Any CPU.Build.0 = Release|Any CPU
		{3FA77C2D-39FB-4D63-8C11-7B8E6333E15F}.Debug|Any CPU.ActiveCfg = Debug|Any CPU
		{3FA77C2D-39FB-4D63-8C11-7B8E6333E15F}.Debug|Any CPU.Build.0 = Debug|Any CPU
		{3FA77C2D-39FB-4D63-8C11-7B8E6333E15F}.Release|Any CPU.ActiveCfg = Release|Any CPU
		{3FA77C2D-39FB-4D63-8C11-7B8E6333E15F}.Release|Any CPU.Build.0 = Release|Any CPU
		{6BDDEF61-0A6B-42A6-B9D7-1C6A215FEA26}.Debug|Any CPU.ActiveCfg = Debug|Any CPU
		{6BDDEF61-0A6B-42A6-B9D7-1C6A215FEA26}.Debug|Any CPU.Build.0 = Debug|Any CPU
		{6BDDEF61-0A6B-42A6-B9D7-1C6A215FEA26}.Release|Any CPU.ActiveCfg = Release|Any CPU
		{6BDDEF61-0A6B-42A6-B9D7-1C6A215FEA26}.Release|Any CPU.Build.0 = Release|Any CPU
		{1334101F-95AC-41CA-A6CC-2D8F4B86253A}.Debug|Any CPU.ActiveCfg = Debug|Any CPU
		{1334101F-95AC-41CA-A6CC-2D8F4B86253A}.Debug|Any CPU.Build.0 = Debug|Any CPU
		{1334101F-95AC-41CA-A6CC-2D8F4B86253A}.Release|Any CPU.ActiveCfg = Release|Any CPU
		{1334101F-95AC-41CA-A6CC-2D8F4B86253A}.Release|Any CPU.Build.0 = Release|Any CPU
		{BAAD62C6-46B7-4070-ADED-B71A27DA17B5}.Debug|Any CPU.ActiveCfg = Debug|Any CPU
		{BAAD62C6-46B7-4070-ADED-B71A27DA17B5}.Debug|Any CPU.Build.0 = Debug|Any CPU
		{BAAD62C6-46B7-4070-ADED-B71A27DA17B5}.Release|Any CPU.ActiveCfg = Release|Any CPU
		{BAAD62C6-46B7-4070-ADED-B71A27DA17B5}.Release|Any CPU.Build.0 = Release|Any CPU
	EndGlobalSection
	GlobalSection(SolutionProperties) = preSolution
		HideSolutionNode = FALSE
	EndGlobalSection
	GlobalSection(ExtensibilityGlobals) = postSolution
		SolutionGuid = {13951AFD-1E42-458E-A822-EF1B0E560F6D}
	EndGlobalSection
EndGlobal
